
Microsoft Visual Studio Solution File, Format Version 12.00
# Visual Studio 15
VisualStudioVersion = 15.0.27703.2026
MinimumVisualStudioVersion = 10.0.40219.1
Project("{9A19103F-16F7-4668-BE54-9A1E7A4F7556}") = "BackpackTfApi", "BackpackTfApi\BackpackTfApi.csproj", "{DF5501CA-1AE7-4BA3-BE67-170F1C7B3084}"
EndProject
Global
	GlobalSection(SolutionConfigurationPlatforms) = preSolution
		Debug|Any CPU = Debug|Any CPU
		Release|Any CPU = Release|Any CPU
	EndGlobalSection
	GlobalSection(ProjectConfigurationPlatforms) = postSolution
		{DF5501CA-1AE7-4BA3-BE67-170F1C7B3084}.Debug|Any CPU.ActiveCfg = Debug|Any CPU
		{DF5501CA-1AE7-4BA3-BE67-170F1C7B3084}.Debug|Any CPU.Build.0 = Debug|Any CPU
		{DF5501CA-1AE7-4BA3-BE67-170F1C7B3084}.Release|Any CPU.ActiveCfg = Release|Any CPU
		{DF5501CA-1AE7-4BA3-BE67-170F1C7B3084}.Release|Any CPU.Build.0 = Release|Any CPU
	EndGlobalSection
	GlobalSection(SolutionProperties) = preSolution
		HideSolutionNode = FALSE
	EndGlobalSection
	GlobalSection(ExtensibilityGlobals) = postSolution
		SolutionGuid = {FF77CFF8-2970-46BC-ACDF-E3C499D24BB3}
	EndGlobalSection
EndGlobal
